
Microsoft Visual Studio Solution File, Format Version 12.00
# Visual Studio Version 17
VisualStudioVersion = 17.4.33103.184
MinimumVisualStudioVersion = 10.0.40219.1
Project("{8BC9CEB8-8B4A-11D0-8D11-00A0C91BC942}") = "AmCap", "AmCap\AmCap.vcxproj", "{51451992-AEAE-41D2-A599-F55F134FFEB9}"
EndProject
Project("{8BC9CEB8-8B4A-11D0-8D11-00A0C91BC942}") = "BaseClasses", "BaseClasses\BaseClasses.vcxproj", "{E8A3F6FA-AE1C-4C8E-A0B6-9C8480324EAA}"
EndProject
Project("{8BC9CEB8-8B4A-11D0-8D11-00A0C91BC942}") = "PlayCap", "PlayCap\PlayCap.vcxproj", "{2E1E03D4-3A8A-4669-8B50-94D0EA8A2FAD}"
EndProject
Project("{2150E333-8FDC-42A3-9474-1A3956D46DE8}") = "Common", "Common", "{939A7EDF-A83C-4E2F-97F0-7C99EB9B952B}"
	ProjectSection(SolutionItems) = preProject
		Common\BaseWindow.cpp = Common\BaseWindow.cpp
		Common\BaseWindow.h = Common\BaseWindow.h
		Common\button.cpp = Common\button.cpp
		Common\button.h = Common\button.h
		Common\combobox.cpp = Common\combobox.cpp
		Common\combobox.h = Common\combobox.h
		Common\dialog.cpp = Common\dialog.cpp
		Common\dialog.h = Common\dialog.h
		Common\dshowutil.h = Common\dshowutil.h
		Common\listbox.cpp = Common\listbox.cpp
		Common\listbox.h = Common\listbox.h
		Common\slider.cpp = Common\slider.cpp
		Common\slider.h = Common\slider.h
		Common\smartptr.h = Common\smartptr.h
		Common\toolbar.cpp = Common\toolbar.cpp
		Common\toolbar.h = Common\toolbar.h
		Common\utils.h = Common\utils.h
		Common\wincontrol.cpp = Common\wincontrol.cpp
		Common\wincontrol.h = Common\wincontrol.h
	EndProjectSection
EndProject
Project("{8BC9CEB8-8B4A-11D0-8D11-00A0C91BC942}") = "Primera.SnapshotCapture", "Primera.SnapshotCapture\Primera.SnapshotCapture.vcxproj", "{AE2B8F0D-5D7B-4C7E-BA7C-632DD110E82D}"
EndProject
Project("{8BC9CEB8-8B4A-11D0-8D11-00A0C91BC942}") = "Primera.MediaFoundation.TestApp", "Primera.MediaFoundation.TestApp\Primera.MediaFoundation.TestApp.vcxproj", "{FA19F470-5EE9-46CE-AAA8-1992AB9C8D40}"
EndProject
Project("{8BC9CEB8-8B4A-11D0-8D11-00A0C91BC942}") = "MFCaptureD3D", "MediaFoundation.CaptureVideo\MFCaptureD3D.vcxproj", "{42CC2BCD-AAD2-4C3C-87BB-0B42F2848E17}"
EndProject
Global
	GlobalSection(SolutionConfigurationPlatforms) = preSolution
		Debug_MBCS|x64 = Debug_MBCS|x64
		Debug_MBCS|x86 = Debug_MBCS|x86
		Debug|x64 = Debug|x64
		Debug|x86 = Debug|x86
		Release_MBCS|x64 = Release_MBCS|x64
		Release_MBCS|x86 = Release_MBCS|x86
		Release|x64 = Release|x64
		Release|x86 = Release|x86
	EndGlobalSection
	GlobalSection(ProjectConfigurationPlatforms) = postSolution
		{51451992-AEAE-41D2-A599-F55F134FFEB9}.Debug_MBCS|x64.ActiveCfg = Debug|x64
		{51451992-AEAE-41D2-A599-F55F134FFEB9}.Debug_MBCS|x64.Build.0 = Debug|x64
		{51451992-AEAE-41D2-A599-F55F134FFEB9}.Debug_MBCS|x86.ActiveCfg = Debug|Win32
		{51451992-AEAE-41D2-A599-F55F134FFEB9}.Debug_MBCS|x86.Build.0 = Debug|Win32
		{51451992-AEAE-41D2-A599-F55F134FFEB9}.Debug|x64.ActiveCfg = Debug|x64
		{51451992-AEAE-41D2-A599-F55F134FFEB9}.Debug|x64.Build.0 = Debug|x64
		{51451992-AEAE-41D2-A599-F55F134FFEB9}.Debug|x86.ActiveCfg = Debug|Win32
		{51451992-AEAE-41D2-A599-F55F134FFEB9}.Debug|x86.Build.0 = Debug|Win32
		{51451992-AEAE-41D2-A599-F55F134FFEB9}.Release_MBCS|x64.ActiveCfg = Release|x64
		{51451992-AEAE-41D2-A599-F55F134FFEB9}.Release_MBCS|x64.Build.0 = Release|x64
		{51451992-AEAE-41D2-A599-F55F134FFEB9}.Release_MBCS|x86.ActiveCfg = Release|Win32
		{51451992-AEAE-41D2-A599-F55F134FFEB9}.Release_MBCS|x86.Build.0 = Release|Win32
		{51451992-AEAE-41D2-A599-F55F134FFEB9}.Release|x64.ActiveCfg = Release|x64
		{51451992-AEAE-41D2-A599-F55F134FFEB9}.Release|x64.Build.0 = Release|x64
		{51451992-AEAE-41D2-A599-F55F134FFEB9}.Release|x86.ActiveCfg = Release|Win32
		{51451992-AEAE-41D2-A599-F55F134FFEB9}.Release|x86.Build.0 = Release|Win32
		{E8A3F6FA-AE1C-4C8E-A0B6-9C8480324EAA}.Debug_MBCS|x64.ActiveCfg = Debug_MBCS|x64
		{E8A3F6FA-AE1C-4C8E-A0B6-9C8480324EAA}.Debug_MBCS|x64.Build.0 = Debug_MBCS|x64
		{E8A3F6FA-AE1C-4C8E-A0B6-9C8480324EAA}.Debug_MBCS|x86.ActiveCfg = Debug_MBCS|Win32
		{E8A3F6FA-AE1C-4C8E-A0B6-9C8480324EAA}.Debug_MBCS|x86.Build.0 = Debug_MBCS|Win32
		{E8A3F6FA-AE1C-4C8E-A0B6-9C8480324EAA}.Debug|x64.ActiveCfg = Debug|x64
		{E8A3F6FA-AE1C-4C8E-A0B6-9C8480324EAA}.Debug|x64.Build.0 = Debug|x64
		{E8A3F6FA-AE1C-4C8E-A0B6-9C8480324EAA}.Debug|x86.ActiveCfg = Debug|Win32
		{E8A3F6FA-AE1C-4C8E-A0B6-9C8480324EAA}.Debug|x86.Build.0 = Debug|Win32
		{E8A3F6FA-AE1C-4C8E-A0B6-9C8480324EAA}.Release_MBCS|x64.ActiveCfg = Release_MBCS|x64
		{E8A3F6FA-AE1C-4C8E-A0B6-9C8480324EAA}.Release_MBCS|x64.Build.0 = Release_MBCS|x64
		{E8A3F6FA-AE1C-4C8E-A0B6-9C8480324EAA}.Release_MBCS|x86.ActiveCfg = Release_MBCS|Win32
		{E8A3F6FA-AE1C-4C8E-A0B6-9C8480324EAA}.Release_MBCS|x86.Build.0 = Release_MBCS|Win32
		{E8A3F6FA-AE1C-4C8E-A0B6-9C8480324EAA}.Release|x64.ActiveCfg = Release|x64
		{E8A3F6FA-AE1C-4C8E-A0B6-9C8480324EAA}.Release|x64.Build.0 = Release|x64
		{E8A3F6FA-AE1C-4C8E-A0B6-9C8480324EAA}.Release|x86.ActiveCfg = Release|Win32
		{E8A3F6FA-AE1C-4C8E-A0B6-9C8480324EAA}.Release|x86.Build.0 = Release|Win32
		{2E1E03D4-3A8A-4669-8B50-94D0EA8A2FAD}.Debug_MBCS|x64.ActiveCfg = Debug|x64
		{2E1E03D4-3A8A-4669-8B50-94D0EA8A2FAD}.Debug_MBCS|x64.Build.0 = Debug|x64
		{2E1E03D4-3A8A-4669-8B50-94D0EA8A2FAD}.Debug_MBCS|x86.ActiveCfg = Debug|Win32
		{2E1E03D4-3A8A-4669-8B50-94D0EA8A2FAD}.Debug_MBCS|x86.Build.0 = Debug|Win32
		{2E1E03D4-3A8A-4669-8B50-94D0EA8A2FAD}.Debug|x64.ActiveCfg = Debug|x64
		{2E1E03D4-3A8A-4669-8B50-94D0EA8A2FAD}.Debug|x64.Build.0 = Debug|x64
		{2E1E03D4-3A8A-4669-8B50-94D0EA8A2FAD}.Debug|x86.ActiveCfg = Debug|Win32
		{2E1E03D4-3A8A-4669-8B50-94D0EA8A2FAD}.Debug|x86.Build.0 = Debug|Win32
		{2E1E03D4-3A8A-4669-8B50-94D0EA8A2FAD}.Release_MBCS|x64.ActiveCfg = Release|x64
		{2E1E03D4-3A8A-4669-8B50-94D0EA8A2FAD}.Release_MBCS|x64.Build.0 = Release|x64
		{2E1E03D4-3A8A-4669-8B50-94D0EA8A2FAD}.Release_MBCS|x86.ActiveCfg = Release|Win32
		{2E1E03D4-3A8A-4669-8B50-94D0EA8A2FAD}.Release_MBCS|x86.Build.0 = Release|Win32
		{2E1E03D4-3A8A-4669-8B50-94D0EA8A2FAD}.Release|x64.ActiveCfg = Release|x64
		{2E1E03D4-3A8A-4669-8B50-94D0EA8A2FAD}.Release|x64.Build.0 = Release|x64
		{2E1E03D4-3A8A-4669-8B50-94D0EA8A2FAD}.Release|x86.ActiveCfg = Release|Win32
		{2E1E03D4-3A8A-4669-8B50-94D0EA8A2FAD}.Release|x86.Build.0 = Release|Win32
		{AE2B8F0D-5D7B-4C7E-BA7C-632DD110E82D}.Debug_MBCS|x64.ActiveCfg = Debug|x64
		{AE2B8F0D-5D7B-4C7E-BA7C-632DD110E82D}.Debug_MBCS|x64.Build.0 = Debug|x64
		{AE2B8F0D-5D7B-4C7E-BA7C-632DD110E82D}.Debug_MBCS|x86.ActiveCfg = Debug|Win32
		{AE2B8F0D-5D7B-4C7E-BA7C-632DD110E82D}.Debug_MBCS|x86.Build.0 = Debug|Win32
		{AE2B8F0D-5D7B-4C7E-BA7C-632DD110E82D}.Debug|x64.ActiveCfg = Debug|x64
		{AE2B8F0D-5D7B-4C7E-BA7C-632DD110E82D}.Debug|x64.Build.0 = Debug|x64
		{AE2B8F0D-5D7B-4C7E-BA7C-632DD110E82D}.Debug|x86.ActiveCfg = Debug|Win32
		{AE2B8F0D-5D7B-4C7E-BA7C-632DD110E82D}.Debug|x86.Build.0 = Debug|Win32
		{AE2B8F0D-5D7B-4C7E-BA7C-632DD110E82D}.Release_MBCS|x64.ActiveCfg = Release|x64
		{AE2B8F0D-5D7B-4C7E-BA7C-632DD110E82D}.Release_MBCS|x64.Build.0 = Release|x64
		{AE2B8F0D-5D7B-4C7E-BA7C-632DD110E82D}.Release_MBCS|x86.ActiveCfg = Release|Win32
		{AE2B8F0D-5D7B-4C7E-BA7C-632DD110E82D}.Release_MBCS|x86.Build.0 = Release|Win32
		{AE2B8F0D-5D7B-4C7E-BA7C-632DD110E82D}.Release|x64.ActiveCfg = Release|x64
		{AE2B8F0D-5D7B-4C7E-BA7C-632DD110E82D}.Release|x64.Build.0 = Release|x64
		{AE2B8F0D-5D7B-4C7E-BA7C-632DD110E82D}.Release|x86.ActiveCfg = Release|Win32
		{AE2B8F0D-5D7B-4C7E-BA7C-632DD110E82D}.Release|x86.Build.0 = Release|Win32
		{FA19F470-5EE9-46CE-AAA8-1992AB9C8D40}.Debug_MBCS|x64.ActiveCfg = Debug|x64
		{FA19F470-5EE9-46CE-AAA8-1992AB9C8D40}.Debug_MBCS|x64.Build.0 = Debug|x64
		{FA19F470-5EE9-46CE-AAA8-1992AB9C8D40}.Debug_MBCS|x86.ActiveCfg = Debug|Win32
		{FA19F470-5EE9-46CE-AAA8-1992AB9C8D40}.Debug_MBCS|x86.Build.0 = Debug|Win32
		{FA19F470-5EE9-46CE-AAA8-1992AB9C8D40}.Debug|x64.ActiveCfg = Debug|x64
		{FA19F470-5EE9-46CE-AAA8-1992AB9C8D40}.Debug|x64.Build.0 = Debug|x64
		{FA19F470-5EE9-46CE-AAA8-1992AB9C8D40}.Debug|x86.ActiveCfg = Debug|Win32
		{FA19F470-5EE9-46CE-AAA8-1992AB9C8D40}.Debug|x86.Build.0 = Debug|Win32
		{FA19F470-5EE9-46CE-AAA8-1992AB9C8D40}.Release_MBCS|x64.ActiveCfg = Release|x64
		{FA19F470-5EE9-46CE-AAA8-1992AB9C8D40}.Release_MBCS|x64.Build.0 = Release|x64
		{FA19F470-5EE9-46CE-AAA8-1992AB9C8D40}.Release_MBCS|x86.ActiveCfg = Release|Win32
		{FA19F470-5EE9-46CE-AAA8-1992AB9C8D40}.Release_MBCS|x86.Build.0 = Release|Win32
		{FA19F470-5EE9-46CE-AAA8-1992AB9C8D40}.Release|x64.ActiveCfg = Release|x64
		{FA19F470-5EE9-46CE-AAA8-1992AB9C8D40}.Release|x64.Build.0 = Release|x64
		{FA19F470-5EE9-46CE-AAA8-1992AB9C8D40}.Release|x86.ActiveCfg = Release|Win32
		{FA19F470-5EE9-46CE-AAA8-1992AB9C8D40}.Release|x86.Build.0 = Release|Win32
		{42CC2BCD-AAD2-4C3C-87BB-0B42F2848E17}.Debug_MBCS|x64.ActiveCfg = Debug|x64
		{42CC2BCD-AAD2-4C3C-87BB-0B42F2848E17}.Debug_MBCS|x64.Build.0 = Debug|x64
		{42CC2BCD-AAD2-4C3C-87BB-0B42F2848E17}.Debug_MBCS|x86.ActiveCfg = Debug|Win32
		{42CC2BCD-AAD2-4C3C-87BB-0B42F2848E17}.Debug_MBCS|x86.Build.0 = Debug|Win32
		{42CC2BCD-AAD2-4C3C-87BB-0B42F2848E17}.Debug|x64.ActiveCfg = Debug|x64
		{42CC2BCD-AAD2-4C3C-87BB-0B42F2848E17}.Debug|x64.Build.0 = Debug|x64
		{42CC2BCD-AAD2-4C3C-87BB-0B42F2848E17}.Debug|x86.ActiveCfg = Debug|Win32
		{42CC2BCD-AAD2-4C3C-87BB-0B42F2848E17}.Debug|x86.Build.0 = Debug|Win32
		{42CC2BCD-AAD2-4C3C-87BB-0B42F2848E17}.Release_MBCS|x64.ActiveCfg = Release|x64
		{42CC2BCD-AAD2-4C3C-87BB-0B42F2848E17}.Release_MBCS|x64.Build.0 = Release|x64
		{42CC2BCD-AAD2-4C3C-87BB-0B42F2848E17}.Release_MBCS|x86.ActiveCfg = Release|Win32
		{42CC2BCD-AAD2-4C3C-87BB-0B42F2848E17}.Release_MBCS|x86.Build.0 = Release|Win32
		{42CC2BCD-AAD2-4C3C-87BB-0B42F2848E17}.Release|x64.ActiveCfg = Release|x64
		{42CC2BCD-AAD2-4C3C-87BB-0B42F2848E17}.Release|x64.Build.0 = Release|x64
		{42CC2BCD-AAD2-4C3C-87BB-0B42F2848E17}.Release|x86.ActiveCfg = Release|Win32
		{42CC2BCD-AAD2-4C3C-87BB-0B42F2848E17}.Release|x86.Build.0 = Release|Win32
	EndGlobalSection
	GlobalSection(SolutionProperties) = preSolution
		HideSolutionNode = FALSE
	EndGlobalSection
	GlobalSection(ExtensibilityGlobals) = postSolution
		SolutionGuid = {0F394BAF-CBEE-477A-BEB1-C91741EE90BF}
	EndGlobalSection
EndGlobal
